# This file is generated by running "yarn install" inside your project.
# Manual changes might be lost - proceed with caution!

__metadata:
  version: 4

"accepts@npm:~1.3.5":
  version: 1.3.7
  resolution: "accepts@npm:1.3.7"
  dependencies:
    mime-types: ~2.1.24
    negotiator: 0.6.2
  checksum: 2/2686fa30dbc850db1bf458dc8171fba13c54ed6cb25f4298ec7c2f88b8dfc50351f25c40abe3a948e4ec7a0cc8ea83d1c55c2f73ffa612d18840a8778d4a2ee0
  languageName: node
  linkType: hard

"array-flatten@npm:1.1.1":
  version: 1.1.1
  resolution: "array-flatten@npm:1.1.1"
  checksum: 2/de7a056451ff7891bb1bcda6ce2a50448ca70f63cd0fa7aa90430d288b6dc2931517b6853ce16c473a7f40fa6eaa874e20b6151616db93375471d1ffadfb1d3d
  languageName: node
  linkType: hard

"back-end@workspace:.":
  version: 0.0.0-use.local
  resolution: "back-end@workspace:."
  dependencies:
    cookie-parser: ~1.4.4
    debug: ~2.6.9
    express: ~4.16.1
    mongoose: ^5.9.1
    morgan: ~1.9.1
  languageName: unknown
  linkType: soft

"basic-auth@npm:~2.0.0":
  version: 2.0.1
  resolution: "basic-auth@npm:2.0.1"
  dependencies:
    safe-buffer: 5.1.2
  checksum: 2/8ba373742caf9ef8e680ff77cf3f38208a6709d54c41a59148784d3c9cdb14167338e10ec6f9e5cc97a5096dd347813432a9afed6d5306d67e2cfdd85530976e
  languageName: node
  linkType: hard

"bl@npm:^2.2.0":
  version: 2.2.0
  resolution: "bl@npm:2.2.0"
  dependencies:
    readable-stream: ^2.3.5
    safe-buffer: ^5.1.1
  checksum: 2/a944248044a8a488f225124addb944d1618df846fdc8ba38be85dd95207f58322637800cd213d3886074d85d38ef0dc9ba9cc09ae85859effa7077f408ba6595
  languageName: node
  linkType: hard

"bluebird@npm:3.5.1":
  version: 3.5.1
  resolution: "bluebird@npm:3.5.1"
  checksum: 2/11347ec6d59fdb2aca5f2507bbc5f7127bf5a7bb978da30f83469ad43a3fa6b533b24544a9b31e21fd730b77b93b0526e65c73d8fdb11b3b633f4269d75e420a
  languageName: node
  linkType: hard

"body-parser@npm:1.18.3":
  version: 1.18.3
  resolution: "body-parser@npm:1.18.3"
  dependencies:
    bytes: 3.0.0
    content-type: ~1.0.4
    debug: 2.6.9
    depd: ~1.1.2
    http-errors: ~1.6.3
    iconv-lite: 0.4.23
    on-finished: ~2.3.0
    qs: 6.5.2
    raw-body: 2.3.3
    type-is: ~1.6.16
  checksum: 2/bf1a01e85cd4c5236d2ad65d316ff350a91cea8b9127ffd4e07b30fc64ca0efe72b3afc9ea7cd522dd93f86deccd5813866eb0493b52042d3499c20c55ddbc55
  languageName: node
  linkType: hard

"bson@npm:^1.1.1, bson@npm:~1.1.1":
  version: 1.1.3
  resolution: "bson@npm:1.1.3"
  checksum: 2/50a72759471b89568d3a03ebff0ea43cb8eb0d1d1afc00223f649ee10cf5f1909fcfd54325cfa09ab151874fa29920ed73bd3da7f9ce6d48cfcb6356c9ff4715
  languageName: node
  linkType: hard

"bytes@npm:3.0.0":
  version: 3.0.0
  resolution: "bytes@npm:3.0.0"
  checksum: 2/98d6c0ab36f7a5527226fd928e65495ffd3d53cb22da627eba3300eed36bd283ae3dfdf3a0aa017df13a09115b5b8847e3d51f66c2f0304a262264c86a317c05
  languageName: node
  linkType: hard

"content-disposition@npm:0.5.2":
  version: 0.5.2
  resolution: "content-disposition@npm:0.5.2"
  checksum: 2/5d54ba7c9a6e865d1fea321e43d9e56be091aa20706f4632a236ebe7824ed3cb0eac314b80e76a9db2092d287d69add03efcaf743068ee0be1f71159c14a134c
  languageName: node
  linkType: hard

"content-type@npm:~1.0.4":
  version: 1.0.4
  resolution: "content-type@npm:1.0.4"
  checksum: 2/ff6e19cbf281c23d5608723a6dc60ac97e2280bd4d21602511283112321e6c1555895e395555e367672b54a0f1585276284b7c3c8be313aca73902ac2f2609fd
  languageName: node
  linkType: hard

"cookie-parser@npm:~1.4.4":
  version: 1.4.4
  resolution: "cookie-parser@npm:1.4.4"
  dependencies:
    cookie: 0.3.1
    cookie-signature: 1.0.6
  checksum: 2/7169701692aa54c91eef7a06a3de1eda67dbfeac28cfc70a06501a29b169cfbb22e228c36173345b1cbe018223a672ae1c990c8d298993ffc78cc13c7cb2b4dd
  languageName: node
  linkType: hard

"cookie-signature@npm:1.0.6":
  version: 1.0.6
  resolution: "cookie-signature@npm:1.0.6"
  checksum: 2/305054e102eebd0a483c63aefdc3abf54a9471bed5eb12be56c0dcf35a94110b8a13139b27751ab07a5ef09e9f4190ee67f71e9d3acf1748e6e2f1aed338c987
  languageName: node
  linkType: hard

"cookie@npm:0.3.1":
  version: 0.3.1
  resolution: "cookie@npm:0.3.1"
  checksum: 2/5fb6caf84d4e1f5684abae2a29d019466166a452539ef43562eaba5bf2f5d40a5cf0d0b4e46614fb8e6b408fd0c718885ba6696ce976e2c53d07216152ec7091
  languageName: node
  linkType: hard

"core-util-is@npm:~1.0.0":
  version: 1.0.2
  resolution: "core-util-is@npm:1.0.2"
  checksum: 2/089015ee3c462dfceba70faa1df83b42a7bb35db26dae6af283247b06fe3216c65fccd9f00eebcaf98300dc31e981d56aae9f90b624f8f6ff1153e235ff88b65
  languageName: node
  linkType: hard

"debug@npm:2.6.9, debug@npm:~2.6.9":
  version: 2.6.9
  resolution: "debug@npm:2.6.9"
  dependencies:
    ms: 2.0.0
  checksum: 2/559f44f98cf25e2ee489022aec173afbff746564cb108c4493becb95bc3c017a67bdaa25a0ff64801fd32c35051d00af0e56cc7f762ae2c3bc089496e5a1c31b
  languageName: node
  linkType: hard

"debug@npm:3.1.0":
  version: 3.1.0
  resolution: "debug@npm:3.1.0"
  dependencies:
    ms: 2.0.0
  checksum: 2/1295acd5e0531761255661d325cd0a80ac8c5f6de8942a53bb23c2197ccb97526972de662ed0e5d9393be83f3428a298a6e7185ecb02f0da6282019cd2ffb4a8
  languageName: node
  linkType: hard

"denque@npm:^1.4.1":
  version: 1.4.1
  resolution: "denque@npm:1.4.1"
  checksum: 2/174e81b3c9407b2149216d9e793fb91d901c19b1225dceefdafe32d5abeca243382ffee9bb111a1f60e42d2791b457d029bb57379d48404b2fb351bf700b6a8c
  languageName: node
  linkType: hard

"depd@npm:~1.1.2":
  version: 1.1.2
  resolution: "depd@npm:1.1.2"
  checksum: 2/f45566ff7019a346852f095768a380778ed544de24e103b479fd5d3e61982d670efbb5234c09d0588d7fdb09c26c48283d7150e4be5e6ce5d3d37cd268d75c4d
  languageName: node
  linkType: hard

"destroy@npm:~1.0.4":
  version: 1.0.4
  resolution: "destroy@npm:1.0.4"
  checksum: 2/5a516fc5a8a8089eecdac11da2339353542be7a71102dc5a1372ef6161501bf5c1ee59ff9f8a3f5f14cc8c88594d606f855f816d46a228ee5e0e5cb2b543534b
  languageName: node
  linkType: hard

"ee-first@npm:1.1.1":
  version: 1.1.1
  resolution: "ee-first@npm:1.1.1"
  checksum: 2/ba74f91398e3ee3b6d665b2f0d13ad6530e89a7e64ec886a6eec0602fb8a5a274652960e21bd5d4b42fdeb9017d873ff872f50342d38779e955285977edb337c
  languageName: node
  linkType: hard

"encodeurl@npm:~1.0.2":
  version: 1.0.2
  resolution: "encodeurl@npm:1.0.2"
  checksum: 2/6ee5fcbcd245d2a2b6bd6fe36b80f91e31ab46e29192c50af00e8f860c0c2310ebbdaae40257878fdce90b42abcb3526895c7c3a2e229461ed1f0d0b5a020fc8
  languageName: node
  linkType: hard

"escape-html@npm:~1.0.3":
  version: 1.0.3
  resolution: "escape-html@npm:1.0.3"
  checksum: 2/900a7f2b80b9f89c85b7a303d1b7a4d354b93e328871414f165f13c5c209a80eab787e3a63429e596877def69fe4dcb3d1b55af655207a901a9ec99f7f148743
  languageName: node
  linkType: hard

"etag@npm:~1.8.1":
  version: 1.8.1
  resolution: "etag@npm:1.8.1"
  checksum: 2/f18341a3c12a554ec46c0d4756bc9cae177e92f25a4ebd9ceefebf0ee448b675972fc110879f22b1bf514174713921ae5de9ff77af2062d422b1085588465a57
  languageName: node
  linkType: hard

"express@npm:~4.16.1":
  version: 4.16.4
  resolution: "express@npm:4.16.4"
  dependencies:
    accepts: ~1.3.5
    array-flatten: 1.1.1
    body-parser: 1.18.3
    content-disposition: 0.5.2
    content-type: ~1.0.4
    cookie: 0.3.1
    cookie-signature: 1.0.6
    debug: 2.6.9
    depd: ~1.1.2
    encodeurl: ~1.0.2
    escape-html: ~1.0.3
    etag: ~1.8.1
    finalhandler: 1.1.1
    fresh: 0.5.2
    merge-descriptors: 1.0.1
    methods: ~1.1.2
    on-finished: ~2.3.0
    parseurl: ~1.3.2
    path-to-regexp: 0.1.7
    proxy-addr: ~2.0.4
    qs: 6.5.2
    range-parser: ~1.2.0
    safe-buffer: 5.1.2
    send: 0.16.2
    serve-static: 1.13.2
    setprototypeof: 1.1.0
    statuses: ~1.4.0
    type-is: ~1.6.16
    utils-merge: 1.0.1
    vary: ~1.1.2
  checksum: 2/eec296104a82f9633178a2f226276bd032fa778cecedc857e79773261d57771b0404adb5c6aa6783005d84c3e46e3037d7c11c056740f9825ee7478aa66b9268
  languageName: node
  linkType: hard

"finalhandler@npm:1.1.1":
  version: 1.1.1
  resolution: "finalhandler@npm:1.1.1"
  dependencies:
    debug: 2.6.9
    encodeurl: ~1.0.2
    escape-html: ~1.0.3
    on-finished: ~2.3.0
    parseurl: ~1.3.2
    statuses: ~1.4.0
    unpipe: ~1.0.0
  checksum: 2/ba02da146edcde663f9f464a1f0302196cba827c084ce9a67835e447eef47752f03c65b0af9113804c1fc78a5763cbf6493d3c476772cc4bdf5c0a3e1917cd88
  languageName: node
  linkType: hard

"forwarded@npm:~0.1.2":
  version: 0.1.2
  resolution: "forwarded@npm:0.1.2"
  checksum: 2/568d862ad1c514813fc62dc1bd58b8669b16d4ee2e634a6fc71f4849df798883ab94e63d8e1b35a17af51b2b39ca869e672c7310efe42fc7b9bad43a80b5ff87
  languageName: node
  linkType: hard

"fresh@npm:0.5.2":
  version: 0.5.2
  resolution: "fresh@npm:0.5.2"
  checksum: 2/2f76c8505d1ea5a6d5accea3e7aff0b796bfa43364c84929254f33909fa08640948bd1728220d1ff5f4c2b378a65e97da647f2fe0f2b7ddb44001f6e0dc2e91f
  languageName: node
  linkType: hard

"http-errors@npm:1.6.3, http-errors@npm:~1.6.2, http-errors@npm:~1.6.3":
  version: 1.6.3
  resolution: "http-errors@npm:1.6.3"
  dependencies:
    depd: ~1.1.2
    inherits: 2.0.3
    setprototypeof: 1.1.0
    statuses: ">= 1.4.0 < 2"
  checksum: 2/850a3bf69ffc56c5151cea4a31bdf47412b7a6af3ee3f4fc92d3c4d90f8398d8843806f0d81916b310b661eed93722272cf2d41c2cac2fd5d1d1c66d4077942c
  languageName: node
  linkType: hard

"iconv-lite@npm:0.4.23":
  version: 0.4.23
  resolution: "iconv-lite@npm:0.4.23"
  dependencies:
    safer-buffer: ">= 2.1.2 < 3"
  checksum: 2/8000b43fcfbc38c15cc91e19e3b2b1c388618dacddfd6096b3a87f70242da33368ef8a985405d671bc3fe1bfe5c2056326c891445a2d4587bb340fdeb4f460a0
  languageName: node
  linkType: hard

"inherits@npm:2.0.3, inherits@npm:~2.0.3":
  version: 2.0.3
  resolution: "inherits@npm:2.0.3"
  checksum: 2/9488f9433effbc24474f6baee8014e5337c7f99305ecb4204fa5864ae7655c24225780d87fc65ed8d3d374715a18c5dc8c69fe3bf9745cde2e7acd0ac068a07b
  languageName: node
  linkType: hard

"ipaddr.js@npm:1.9.0":
  version: 1.9.0
  resolution: "ipaddr.js@npm:1.9.0"
  checksum: 2/2fb82d47626b8230e4c412eb6bae3bb8c43dabaa39df3fa60bfd1b98f6ffdd6c80d6821d1029432efb9c9655ddea1168f7fd6f7aeaf2f6f906f6e20df5beded2
  languageName: node
  linkType: hard

"isarray@npm:~1.0.0":
  version: 1.0.0
  resolution: "isarray@npm:1.0.0"
  checksum: 2/b0ff31a290e783f7b3fb73f2951ee7fc2946dc197b05f73577dc77f87dc3be2e0f66007bedf069123d4e5c4b691e7c89a241f6ca06f0c0f4765cdac5aa4b4047
  languageName: node
  linkType: hard

"kareem@npm:2.3.1":
  version: 2.3.1
  resolution: "kareem@npm:2.3.1"
  checksum: 2/6fc69a89f857aedccc16c1efaea1d6d72d7f47893797109443d31d354c7c70369c7d967fa1ad57c1b180670b828958dd4de513629695d2a1223d7c3f04898391
  languageName: node
  linkType: hard

"media-typer@npm:0.3.0":
  version: 0.3.0
  resolution: "media-typer@npm:0.3.0"
  checksum: 2/be1c825782df7f38eebd451d778f6407bb15a59c8807a69e7f2ad74a25440e474536441c6bf583fdf2803ea23b866e91ff68f565cda297211dd89147758c8df3
  languageName: node
  linkType: hard

"memory-pager@npm:^1.0.2":
  version: 1.5.0
  resolution: "memory-pager@npm:1.5.0"
  checksum: 2/6812af8165a31e729df25af125ba91b7ea7f3cacaf73a1c139b755be640cab9dfa4bb05b9acfc5d5f1f540b334203f26dac0662576033dd351e0a798abc4d72a
  languageName: node
  linkType: hard

"merge-descriptors@npm:1.0.1":
  version: 1.0.1
  resolution: "merge-descriptors@npm:1.0.1"
  checksum: 2/2d2a09eaac840a7ceac7a13b44b7c8abf3ecccd93a609c3525d8290cb5d814336cc7c0b1dd485ae3bc471ed354eeefb153475ce2e1604ccdf79eebe74021c192
  languageName: node
  linkType: hard

"methods@npm:~1.1.2":
  version: 1.1.2
  resolution: "methods@npm:1.1.2"
  checksum: 2/450e4ea0fd4a0f3de8c0593d753c7d6c8f2ee49766f5ef35c68cc2ac41699d5e295b7d6330fc2b7271b8569a07857e3eb0b5df0599a353c5808265b4b5066168
  languageName: node
  linkType: hard

"mime-db@npm:1.43.0":
  version: 1.43.0
  resolution: "mime-db@npm:1.43.0"
  checksum: 2/756d8ac9ea62e3f4bcecb7513208ccd213f96930dbaa7e6ebc83f3517f5efa2eeec6923c28e6409049eb29d54668ff3e80e9c3605a1270498d6e52fde0fd3bc2
  languageName: node
  linkType: hard

"mime-types@npm:~2.1.24":
  version: 2.1.26
  resolution: "mime-types@npm:2.1.26"
  dependencies:
    mime-db: 1.43.0
  checksum: 2/6ab045d65e6123857be28a58dc446fd038ae7697aba9b5135b581cfb5ed8b01908d2c2dcfe16085ecbb57ba6c42b5e598732171f1c22034c20cd04c371003ada
  languageName: node
  linkType: hard

"mime@npm:1.4.1":
  version: 1.4.1
  resolution: "mime@npm:1.4.1"
  bin:
    mime: cli.js
  checksum: 2/01f74d90a2d91c919436958c4af940d145e00a3b7c57f98cc65f1a70dbecd02fb41c6b74ac5433ae9fe787f1841aaaed412bce259a848b5fc76fc66c0c2a6381
  languageName: node
  linkType: hard

"mongodb@npm:3.5.3":
  version: 3.5.3
  resolution: "mongodb@npm:3.5.3"
  dependencies:
    bl: ^2.2.0
    bson: ^1.1.1
    denque: ^1.4.1
    require_optional: ^1.0.1
    safe-buffer: ^5.1.2
    saslprep: ^1.0.0
  dependenciesMeta:
    saslprep:
      optional: true
  checksum: 2/87440cdf3c8fd30cfc53ef708e4d46c04e9590c403178c7cfcc3d4c3122181b2cf100e3d21eeda07a5d1cb03facdc61d2f76701c036f1972865de26cc99585a9
  languageName: node
  linkType: hard

"mongoose-legacy-pluralize@npm:1.0.2":
  version: 1.0.2
  resolution: "mongoose-legacy-pluralize@npm:1.0.2"
  peerDependencies:
    mongoose: "*"
  checksum: 2/a1f86450b3540a1883cfb093001846806d14cd3a8b80f6681fdac13afcfd4a1f57875fb79009aceacf2e80e3ffd2d5ab7e289ba873c586958ce536eff270dc0a
  languageName: node
  linkType: hard

"mongoose@npm:5.9.1, mongoose@npm:^5.9.1":
  version: 5.9.1
  resolution: "mongoose@npm:5.9.1"
  dependencies:
    bson: ~1.1.1
    kareem: 2.3.1
    mongodb: 3.5.3
    mongoose-legacy-pluralize: 1.0.2
    mpath: 0.6.0
    mquery: 3.2.2
    ms: 2.1.2
    regexp-clone: 1.0.0
    safe-buffer: 5.1.2
    sift: 7.0.1
    sliced: 1.0.1
  checksum: 2/0fbc3d39acf026d9ed0b538cca9745604124b00fd7190e2b1bb07af48e9e829a36bdd343baf06f3688c9e2756b23e37fe79b8967d874a197b7f8c2e9571ead56
  languageName: node
  linkType: hard

"morgan@npm:~1.9.1":
  version: 1.9.1
  resolution: "morgan@npm:1.9.1"
  dependencies:
    basic-auth: ~2.0.0
    debug: 2.6.9
    depd: ~1.1.2
    on-finished: ~2.3.0
    on-headers: ~1.0.1
  checksum: 2/3ffe266d6a491361da904b8714aad549cdc2a17b481a1eb76a132037ec41a39070395727a28ba0e6d09707feb16db1d81134e92f0b7ca1c86cc3e3472aad5bf5
  languageName: node
  linkType: hard

"mpath@npm:0.6.0":
  version: 0.6.0
  resolution: "mpath@npm:0.6.0"
  checksum: 2/7cdcd955f8d63f6ffdd47f41cc518a6922c7559afdc6e7b689661bcdd1a59cc1ba9e56666aa89d7c200dcb3f08c14ffd341e0eb78b8b112f35f3e1904e5ed41a
  languageName: node
  linkType: hard

"mquery@npm:3.2.2":
  version: 3.2.2
  resolution: "mquery@npm:3.2.2"
  dependencies:
    bluebird: 3.5.1
    debug: 3.1.0
    regexp-clone: ^1.0.0
    safe-buffer: 5.1.2
    sliced: 1.0.1
  checksum: 2/80b422ec102e1045999b3f818964db69a56ddf394a64ef7dac3bf164e4824d179717844d00cf414827fb39c61334a88fd3c1b1cab91b624cf6a78db302bd63c4
  languageName: node
  linkType: hard

"ms@npm:2.0.0":
  version: 2.0.0
  resolution: "ms@npm:2.0.0"
  checksum: 2/1a230340cc7f322fbe916783d8c8d60455407c6b7fb7f901d6ee34eb272402302c5c7f070a97b8531245cbb4ca6a0a623f6a128d7e5a5440cefa2c669c0b35bb
  languageName: node
  linkType: hard

"ms@npm:2.1.2":
  version: 2.1.2
  resolution: "ms@npm:2.1.2"
  checksum: 2/9b65fb709bc30c0c07289dcbdb61ca032acbb9ea5698b55fa62e2cebb04c5953f1876a1f3f7f4bc2e91d4bf4d86003f3e207c3bc6ee2f716f99827e62389cd0e
  languageName: node
  linkType: hard

"negotiator@npm:0.6.2":
  version: 0.6.2
  resolution: "negotiator@npm:0.6.2"
  checksum: 2/4b230bd15f0862d16c54ce0243fcfcf835ad59c8e58c467b4504dd28c9868cff71ff485b02cc575dc69dca819b58a1fadc9fb28403f45721f38a8fffde007d54
  languageName: node
  linkType: hard

"on-finished@npm:~2.3.0":
  version: 2.3.0
  resolution: "on-finished@npm:2.3.0"
  dependencies:
    ee-first: 1.1.1
  checksum: 2/362e64608287d31ffd96a15fb9305a410b3e4d07c86f277fae907e38af46bc6f5ff948de90eabb81dc5632ca7f9a290085acc5410c378053dfa9860451d97ee5
  languageName: node
  linkType: hard

"on-headers@npm:~1.0.1":
  version: 1.0.2
  resolution: "on-headers@npm:1.0.2"
  checksum: 2/51e75c80755169e765aa76238722e5ad1623f62b13bbc23544ade20cdbb6950cf0e6aa91de35d02ec956f47dc072ee460d8eef82354e4abf8fa692885cb3f2d8
  languageName: node
  linkType: hard

"parseurl@npm:~1.3.2":
  version: 1.3.3
  resolution: "parseurl@npm:1.3.3"
  checksum: 2/52c9e86cb58e38b28f1a50a6354d16648974ab7a2b91b209f97102840471de8adf524427774af6d5bc482fb7c0a6af6ba08ab37de9a1a7ae389ebe074015914b
  languageName: node
  linkType: hard

"path-to-regexp@npm:0.1.7":
  version: 0.1.7
  resolution: "path-to-regexp@npm:0.1.7"
  checksum: 2/342fdb0ca48415d6eccdbe6d4180fd0fa4786ccc96ab3f74fcdf7acfc99e075af25e6077c8086c341dcfb4f5f84401ecd21e6cd7b24e0c3b556fb7ffb2570da7
  languageName: node
  linkType: hard

"process-nextick-args@npm:~2.0.0":
  version: 2.0.1
  resolution: "process-nextick-args@npm:2.0.1"
  checksum: 2/ddeb0f07d0d5efa649c2c5e39d1afd0e3668df2b392d036c8a508b0034f7beffbc474b3c2f7fd3fed2dc4113cef8f1f7e00d05690df3c611b36f6c7efd7852d1
  languageName: node
  linkType: hard

"proxy-addr@npm:~2.0.4":
  version: 2.0.5
  resolution: "proxy-addr@npm:2.0.5"
  dependencies:
    forwarded: ~0.1.2
    ipaddr.js: 1.9.0
  checksum: 2/432cb36057d71b4c97cf293e874db34c4358a2505085d5d7a99962c4b59d3d94bd99e1cc246f5664c5bc98e97504fa77ed451b66899c2d118ebe1fb29779900c
  languageName: node
  linkType: hard

"qs@npm:6.5.2":
  version: 6.5.2
  resolution: "qs@npm:6.5.2"
  checksum: 2/fa0410eff2c05ce3328e11f82db4015e7819c986ee056d6b62b06ae112f4929af09ea3b879ca168ff9f0338f50972bba487ad0e46c879e42bfaf63c3c2ea7f09
  languageName: node
  linkType: hard

"range-parser@npm:~1.2.0":
  version: 1.2.1
  resolution: "range-parser@npm:1.2.1"
  checksum: 2/05074f5b23dbdc24acdae9821dd684fbc9c0d770cdaa4469ab529d8e0fc1338aa33561a4c7c14a1f9bdcb3b5e9a3770e5a80318258a72289a7ef05fcda72a707
  languageName: node
  linkType: hard

"raw-body@npm:2.3.3":
  version: 2.3.3
  resolution: "raw-body@npm:2.3.3"
  dependencies:
    bytes: 3.0.0
    http-errors: 1.6.3
    iconv-lite: 0.4.23
    unpipe: 1.0.0
  checksum: 2/86e367e928426aa0cbbeb967e02414e18530c1bf52093d2f4e4b56e53a569193e03bc4d2d5d2fc8383b08893e01336b9e9c067a2052de73d9367fe2543cbaa26
  languageName: node
  linkType: hard

"readable-stream@npm:^2.3.5":
  version: 2.3.7
  resolution: "readable-stream@npm:2.3.7"
  dependencies:
    core-util-is: ~1.0.0
    inherits: ~2.0.3
    isarray: ~1.0.0
    process-nextick-args: ~2.0.0
    safe-buffer: ~5.1.1
    string_decoder: ~1.1.1
    util-deprecate: ~1.0.1
  checksum: 2/6e3826560627a751feb3a8aec073ef94c6e47b8c8e06eb5d136323b5f09db9d2077c23a42a8d54ed0123695af54b36c1e4271a8ec55112b15f4b89020d8dec72
  languageName: node
  linkType: hard

"regexp-clone@npm:1.0.0, regexp-clone@npm:^1.0.0":
  version: 1.0.0
  resolution: "regexp-clone@npm:1.0.0"
  checksum: 2/0cb16b8806a0a4e3e0f8887c1465d03ff25371fde03d03ab3b2fe7bc521faaabaac36feabcdcdf63bcbce05a7d0eca113eb5b4d3b9a9efc77dc1c0fa87a2811d
  languageName: node
  linkType: hard

"require_optional@npm:^1.0.1":
  version: 1.0.1
  resolution: "require_optional@npm:1.0.1"
  dependencies:
    resolve-from: ^2.0.0
    semver: ^5.1.0
  checksum: 2/2a7cae14fcb0f7aac9e1837bde2edc1e95b2cf635376df09e973151ea735b77f2069e6bf9e1a1c5dd27f052e0b00a477db15807302a1ceeb487307ea61416bee
  languageName: node
  linkType: hard

"resolve-from@npm:^2.0.0":
  version: 2.0.0
  resolution: "resolve-from@npm:2.0.0"
  checksum: 2/e2cfa9d4402ceb731ce14f639248c8a8a364db8710ba3360a4492046c6688084235645a4f4004ac7d9acf40bc0644fac6d8c24f9012c7e5773234a7c09d57cb4
  languageName: node
  linkType: hard

"safe-buffer@npm:5.1.2, safe-buffer@npm:^5.1.1, safe-buffer@npm:^5.1.2, safe-buffer@npm:~5.1.0, safe-buffer@npm:~5.1.1":
  version: 5.1.2
  resolution: "safe-buffer@npm:5.1.2"
  checksum: 2/2708587c1b5e70a5e420714ceb59f30f5791c6e831d39812125a008eca63a4ac18578abd020a0776ea497ff03b4543f2b2a223a7b9073bf2d6c7af9ec6829218
  languageName: node
  linkType: hard

"safer-buffer@npm:>= 2.1.2 < 3":
  version: 2.1.2
  resolution: "safer-buffer@npm:2.1.2"
  checksum: 2/549ba83f5b314b59898efe3422120ce1ca7987a6eae5925a5fa5db930dc414d4a9dde0a5594f89638cd6ea60b6840ea961872908933ac2428d1726489db46fa5
  languageName: node
  linkType: hard

"saslprep@npm:^1.0.0":
  version: 1.0.3
  resolution: "saslprep@npm:1.0.3"
  dependencies:
    sparse-bitfield: ^3.0.3
  checksum: 2/d007f50fe6578814d7b6c06f528cf7b08f1e12292b1c7d671a29a7a709cec29527d85352d1de3e020b3ee30017a9abd58252ff27b5042b889acd4a67b089c38c
  languageName: node
  linkType: hard

"semver@npm:^5.1.0":
  version: 5.7.1
  resolution: "semver@npm:5.7.1"
  bin:
    semver: ./bin/semver
  checksum: 2/06ff0ed753ebf741b7602be8faad620d6e160a2cb3f61019d00d919c8bca141638aa23c34da779b8595afdc9faa3678bfbb5f60366b6a4f65f98cf86605bbcdb
  languageName: node
  linkType: hard

"send@npm:0.16.2":
  version: 0.16.2
  resolution: "send@npm:0.16.2"
  dependencies:
    debug: 2.6.9
    depd: ~1.1.2
    destroy: ~1.0.4
    encodeurl: ~1.0.2
    escape-html: ~1.0.3
    etag: ~1.8.1
    fresh: 0.5.2
    http-errors: ~1.6.2
    mime: 1.4.1
    ms: 2.0.0
    on-finished: ~2.3.0
    range-parser: ~1.2.0
    statuses: ~1.4.0
  checksum: 2/0b3b98fd0d933687bafb45552bb9798aa030475c1c7e8a0da1cc97fd92b2dff7b728b41721405335b23d86d31c73300716d3c803075e3e92117f16e9eca84824
  languageName: node
  linkType: hard

"serve-static@npm:1.13.2":
  version: 1.13.2
  resolution: "serve-static@npm:1.13.2"
  dependencies:
    encodeurl: ~1.0.2
    escape-html: ~1.0.3
    parseurl: ~1.3.2
    send: 0.16.2
  checksum: 2/ed2fe928fecd9ca86f1fc01066278a4e0574b1a4fff81f212f0b73aaad15e1dc8b68c7dfca9937edbdedc55bdfb21cec6c20cd8bead27524025105e4fd51a2c6
  languageName: node
  linkType: hard

"setprototypeof@npm:1.1.0":
  version: 1.1.0
  resolution: "setprototypeof@npm:1.1.0"
  checksum: 2/8a3fb2ff4bf7daf0f8fb0e52d87d6e3dc387599e1c7a42833fddc1d711e87f7f187a6f957137a435ae154a98877e4357569f1fb48f3d17e96242621cd469e1f6
  languageName: node
  linkType: hard

"sift@npm:7.0.1":
  version: 7.0.1
  resolution: "sift@npm:7.0.1"
  checksum: 2/267d30f964324df4e55152d977cdca8da0a04e24f82c0ae0737d0dc771f613a415f5d26ad97ed5bcedbb032be2dfd78da9e4060b6131b4ee7cb0bd09e1095cf8
  languageName: node
  linkType: hard

"sliced@npm:1.0.1":
  version: 1.0.1
  resolution: "sliced@npm:1.0.1"
  checksum: 2/af6bd9d9116298828d84a0c4ad417f941c61b72ed16cc289b97ad3669c2c41d13763b79385f3ac44c40a1e82f8c0774d18587b3b7125034fa6f80d10363a234c
  languageName: node
  linkType: hard

"sparse-bitfield@npm:^3.0.3":
  version: 3.0.3
  resolution: "sparse-bitfield@npm:3.0.3"
  dependencies:
    memory-pager: ^1.0.2
  checksum: 2/3d7ea483df832df45c1a9b4905b2e2ffb9107b6b43db664ffaf03371000f9ec0db664c8d94600443e344c91be36c52a299ba627f2d15c7f2bcd2c2b7ded6f3b0
  languageName: node
  linkType: hard

"statuses@npm:>= 1.4.0 < 2, statuses@npm:~1.4.0":
  version: 1.4.0
  resolution: "statuses@npm:1.4.0"
  checksum: 2/f90d393f771ee85a756826d117b37af0057bf0506e00c13139486c1e5275e21e5c043654a0b7f773342eac194a1087c937da1dd199bb461e81a1eff781ad2558
  languageName: node
  linkType: hard

"string_decoder@npm:~1.1.1":
  version: 1.1.1
  resolution: "string_decoder@npm:1.1.1"
  dependencies:
    safe-buffer: ~5.1.0
  checksum: 2/bc2dc169d83df1b9e94defe7716bcad8a19ffe8211b029581cb0c6f9e83a6a7ba9ec3be38d179708a8643c692868a2b8b004ab159555dc26089ad3fa7b2158f5
  languageName: node
  linkType: hard

"type-is@npm:~1.6.16":
  version: 1.6.18
  resolution: "type-is@npm:1.6.18"
  dependencies:
    media-typer: 0.3.0
    mime-types: ~2.1.24
  checksum: 2/20a3514f1d835c979237995129d1f8c564325301e3a8f1c732bcbe1d7fa0ca1f65994e41a79e9030d79f31e5459bb9be5c377848fcb477cb3049a661b3713d74
  languageName: node
  linkType: hard

"unpipe@npm:1.0.0, unpipe@npm:~1.0.0":
  version: 1.0.0
  resolution: "unpipe@npm:1.0.0"
  checksum: 2/ba244e8bf640475b2143af95be5d71353cd4d238d63abf5dfe700c67841f066eb0819fc60dee7f2348ef647a5644a06ba024b9a0ab6d399fc07a05eb72a30ac7
  languageName: node
  linkType: hard

"util-deprecate@npm:~1.0.1":
  version: 1.0.2
  resolution: "util-deprecate@npm:1.0.2"
  checksum: 2/73c2b1cf0210ccac300645384d8443cabbd93194117b2dc1b3bae8d8279ad39aedac857e020c4ea505e96a1045059c7359db3df6a9df0be6b8584166c9d61dc9
  languageName: node
  linkType: hard

"utils-merge@npm:1.0.1":
  version: 1.0.1
  resolution: "utils-merge@npm:1.0.1"
  checksum: 2/a457956ebc09efbda05da8bf213ab89140bb9dffa3c42b3315dd8fc3c45d67a1b802741f58b7bba4872113201fc275fc86470289d8bd32b74297b5e5b5980705
  languageName: node
  linkType: hard

"vary@npm:~1.1.2":
  version: 1.1.2
  resolution: "vary@npm:1.1.2"
  checksum: 2/591f059f727ac1ba0d97cb7767f8583a03fcbb07db7be2b7dce838ede520ec0e958a41cb19077054769077fdc49a9b9a2dc391c83426bfee89c054b8cc7404bf
  languageName: node
  linkType: hard
